
Microsoft Visual Studio Solution File, Format Version 12.00
# Visual Studio Version 17
VisualStudioVersion = 17.14.36301.6 d17.14
MinimumVisualStudioVersion = 10.0.40219.1
Project("{FAE04EC0-301F-11D3-BF4B-00C04F79EFBC}") = "13", "13\13.csproj", "{66D01852-AFF4-4C17-8669-2EDD8ABFA0D9}"
EndProject
Project("{FAE04EC0-301F-11D3-BF4B-00C04F79EFBC}") = "I3", "I3\I3.csproj", "{625F8EDE-BD0B-4B8F-AACD-C5796E97C7D0}"
EndProject
Global
	GlobalSection(SolutionConfigurationPlatforms) = preSolution
		Debug|Any CPU = Debug|Any CPU
		Release|Any CPU = Release|Any CPU
	EndGlobalSection
	GlobalSection(ProjectConfigurationPlatforms) = postSolution
		{66D01852-AFF4-4C17-8669-2EDD8ABFA0D9}.Debug|Any CPU.ActiveCfg = Debug|Any CPU
		{66D01852-AFF4-4C17-8669-2EDD8ABFA0D9}.Debug|Any CPU.Build.0 = Debug|Any CPU
		{66D01852-AFF4-4C17-8669-2EDD8ABFA0D9}.Release|Any CPU.ActiveCfg = Release|Any CPU
		{66D01852-AFF4-4C17-8669-2EDD8ABFA0D9}.Release|Any CPU.Build.0 = Release|Any CPU
		{625F8EDE-BD0B-4B8F-AACD-C5796E97C7D0}.Debug|Any CPU.ActiveCfg = Debug|Any CPU
		{625F8EDE-BD0B-4B8F-AACD-C5796E97C7D0}.Debug|Any CPU.Build.0 = Debug|Any CPU
		{625F8EDE-BD0B-4B8F-AACD-C5796E97C7D0}.Release|Any CPU.ActiveCfg = Release|Any CPU
		{625F8EDE-BD0B-4B8F-AACD-C5796E97C7D0}.Release|Any CPU.Build.0 = Release|Any CPU
	EndGlobalSection
	GlobalSection(SolutionProperties) = preSolution
		HideSolutionNode = FALSE
	EndGlobalSection
	GlobalSection(ExtensibilityGlobals) = postSolution
		SolutionGuid = {0D8EF1E3-C6D3-4452-BEDD-782D3B2F2D7E}
	EndGlobalSection
EndGlobal
